
Microsoft Visual Studio Solution File, Format Version 12.00
# Visual Studio 14
VisualStudioVersion = 14.0.24720.0
MinimumVisualStudioVersion = 10.0.40219.1
Project("{FAE04EC0-301F-11D3-BF4B-00C04F79EFBC}") = "GFKInterviewFeedback", "GFKInterviewFeedback\GFKInterviewFeedback.csproj", "{E8FEB842-6BDA-45CD-9378-95FF3E741A51}"
EndProject
Project("{FAE04EC0-301F-11D3-BF4B-00C04F79EFBC}") = "GFKInterviewFeedback.Tests", "GFKInterviewFeedback.Tests\GFKInterviewFeedback.Tests.csproj", "{33A5B3AE-398B-486E-A001-69FF50CE63A1}"
EndProject
Global
	GlobalSection(SolutionConfigurationPlatforms) = preSolution
		Debug|Any CPU = Debug|Any CPU
		Release|Any CPU = Release|Any CPU
	EndGlobalSection
	GlobalSection(ProjectConfigurationPlatforms) = postSolution
		{E8FEB842-6BDA-45CD-9378-95FF3E741A51}.Debug|Any CPU.ActiveCfg = Debug|Any CPU
		{E8FEB842-6BDA-45CD-9378-95FF3E741A51}.Debug|Any CPU.Build.0 = Debug|Any CPU
		{E8FEB842-6BDA-45CD-9378-95FF3E741A51}.Release|Any CPU.ActiveCfg = Release|Any CPU
		{E8FEB842-6BDA-45CD-9378-95FF3E741A51}.Release|Any CPU.Build.0 = Release|Any CPU
		{33A5B3AE-398B-486E-A001-69FF50CE63A1}.Debug|Any CPU.ActiveCfg = Debug|Any CPU
		{33A5B3AE-398B-486E-A001-69FF50CE63A1}.Debug|Any CPU.Build.0 = Debug|Any CPU
		{33A5B3AE-398B-486E-A001-69FF50CE63A1}.Release|Any CPU.ActiveCfg = Release|Any CPU
		{33A5B3AE-398B-486E-A001-69FF50CE63A1}.Release|Any CPU.Build.0 = Release|Any CPU
	EndGlobalSection
	GlobalSection(SolutionProperties) = preSolution
		HideSolutionNode = FALSE
	EndGlobalSection
EndGlobal
